<?xml version="1.0" encoding="utf-8"?>
<Project ToolsVersion="4.0" xmlns="http://schemas.microsoft.com/developer/msbuild/2003">
  <ItemGroup>
    <Filter Include="Source Files">
      <UniqueIdentifier>{4FC737F1-C7A5-4376-A066-2A32D752A2FF}</UniqueIdentifier>
      <Extensions>cpp;c;cc;cxx;def;odl;idl;hpj;bat;asm;asmx</Extensions>
    </Filter>
  </ItemGroup>
  <ItemGroup>
    <ClCompile Include="..\cameranode.cpp">
      <Filter>Source Files</Filter>
    </ClCompile>
    <ClCompile Include="..\cloth.cpp">
      <Filter>Source Files</Filter>
    </ClCompile>
    <ClCompile Include="..\gridnode.cpp">
      <Filter>Source Files</Filter>
    </ClCompile>
    <ClCompile Include="..\lightnode.cpp">
      <Filter>Source Files</Filter>
    </ClCompile>
    <ClCompile Include="..\material.cpp">
      <Filter>Source Files</Filter>
    </ClCompile>
    <ClCompile Include="..\meshnode.cpp">
      <Filter>Source Files</Filter>
    </ClCompile>
    <ClCompile Include="..\meshresource.cpp">
      <Filter>Source Files</Filter>
    </ClCompile>
    <ClCompile Include="..\postprocess.cpp">
      <Filter>Source Files</Filter>
    </ClCompile>
    <ClCompile Include="..\postprocessdof.cpp">
      <Filter>Source Files</Filter>
    </ClCompile>
    <ClCompile Include="..\rendercontext.cpp">
      <Filter>Source Files</Filter>
    </ClCompile>
    <ClCompile Include="..\rendernode.cpp">
      <Filter>Source Files</Filter>
    </ClCompile>
    <ClCompile Include="..\resource.cpp">
      <Filter>Source Files</Filter>
    </ClCompile>
    <ClCompile Include="..\resourcecache.cpp">
      <Filter>Source Files</Filter>
    </ClCompile>
    <ClCompile Include="..\scene.cpp">
      <Filter>Source Files</Filter>
    </ClCompile>
    <ClCompile Include="..\scenenode.cpp">
      <Filter>Source Files</Filter>
    </ClCompile>
    <ClCompile Include="..\texture.cpp">
      <Filter>Source Files</Filter>
    </ClCompile>
    <ClCompile Include="..\utilityrenderer.cpp">
      <Filter>Source Files</Filter>
    </ClCompile>
  </ItemGroup>
  <ItemGroup>
    <ClInclude Include="..\cameranode.h">
      <Filter>Source Files</Filter>
    </ClInclude>
    <ClInclude Include="..\cloth.h">
      <Filter>Source Files</Filter>
    </ClInclude>
    <ClInclude Include="..\engine.h">
      <Filter>Source Files</Filter>
    </ClInclude>
    <ClInclude Include="..\gridnode.h">
      <Filter>Source Files</Filter>
    </ClInclude>
    <ClInclude Include="..\lightnode.h">
      <Filter>Source Files</Filter>
    </ClInclude>
    <ClInclude Include="..\material.h">
      <Filter>Source Files</Filter>
    </ClInclude>
    <ClInclude Include="..\meshnode.h">
      <Filter>Source Files</Filter>
    </ClInclude>
    <ClInclude Include="..\meshresource.h">
      <Filter>Source Files</Filter>
    </ClInclude>
    <ClInclude Include="..\postprocess.h">
      <Filter>Source Files</Filter>
    </ClInclude>
    <ClInclude Include="..\postprocessdof.h">
      <Filter>Source Files</Filter>
    </ClInclude>
    <ClInclude Include="..\rendercontext.h">
      <Filter>Source Files</Filter>
    </ClInclude>
    <ClInclude Include="..\rendernode.h">
      <Filter>Source Files</Filter>
    </ClInclude>
    <ClInclude Include="..\resource.h">
      <Filter>Source Files</Filter>
    </ClInclude>
    <ClInclude Include="..\resourcecache.h">
      <Filter>Source Files</Filter>
    </ClInclude>
    <ClInclude Include="..\scene.h">
      <Filter>Source Files</Filter>
    </ClInclude>
    <ClInclude Include="..\scenenode.h">
      <Filter>Source Files</Filter>
    </ClInclude>
    <ClInclude Include="..\texture.h">
      <Filter>Source Files</Filter>
    </ClInclude>
    <ClInclude Include="..\utilityrenderer.h">
      <Filter>Source Files</Filter>
    </ClInclude>
  </ItemGroup>
</Project>